{
    "_readme": [
        "This file locks the dependencies of your project to a known state",
        "Read more about it at http://getcomposer.org/doc/01-basic-usage.md#composer-lock-the-lock-file"
    ],
    "hash": "10710043f63366b2dfeffeb5b28b29be",
    "packages": [
        {
            "name": "ckdarby/php-uptimerobot",
            "version": "dev-master",
            "source": {
                "type": "git",
                "url": "https://github.com/ckdarby/PHP-UptimeRobot.git",
                "reference": "5a523efdfed72bfae7f1fe8b9aa8d2fd43365968"
            },
            "dist": {
                "type": "zip",
                "url": "https://api.github.com/repos/ckdarby/PHP-UptimeRobot/zipball/5a523efdfed72bfae7f1fe8b9aa8d2fd43365968",
                "reference": "5a523efdfed72bfae7f1fe8b9aa8d2fd43365968",
                "shasum": ""
            },
            "require": {
                "ext-curl": "*",
                "php": ">=5.4.0"
            },
            "type": "library",
            "autoload": {
                "psr-0": {
                    "UptimeRobot": "src/"
                }
            },
            "notification-url": "https://packagist.org/downloads/",
            "license": [
                "MIT"
            ],
            "authors": [
                {
                    "name": "Cory Kennedy-Darby",
                    "email": "ckdarby+uptimerobotapi@gmail.com",
                    "homepage": "https://github.com/ckdarby/"
                }
            ],
            "description": "PHP Wrapper for UptimeRobot.com API",
            "homepage": "https://github.com/ckdarby/PHP-UptimeRobot/",
            "time": "2013-10-25 04:47:45"
        }
    ],
    "packages-dev": [

    ],
    "aliases": [

    ],
    "minimum-stability": "stable",
    "stability-flags": {
        "ckdarby/php-uptimerobot": 20
    },
    "platform": [

    ],
    "platform-dev": [

    ]
}
